
Microsoft Visual Studio Solution File, Format Version 12.00
# Visual Studio 15
VisualStudioVersion = 15.0.28307.1972
MinimumVisualStudioVersion = 10.0.40219.1
Project("{8BC9CEB8-8B4A-11D0-8D11-00A0C91BC942}") = "SFML_visual", "SFML_visual\SFML_visual.vcxproj", "{F2494025-E790-40E3-B0FF-380A257A4D7B}"
EndProject
Global
	GlobalSection(SolutionConfigurationPlatforms) = preSolution
		Debug|x64 = Debug|x64
		Debug|x86 = Debug|x86
		Release|x64 = Release|x64
		Release|x86 = Release|x86
	EndGlobalSection
	GlobalSection(ProjectConfigurationPlatforms) = postSolution
		{F2494025-E790-40E3-B0FF-380A257A4D7B}.Debug|x64.ActiveCfg = Debug|x64
		{F2494025-E790-40E3-B0FF-380A257A4D7B}.Debug|x64.Build.0 = Debug|x64
		{F2494025-E790-40E3-B0FF-380A257A4D7B}.Debug|x86.ActiveCfg = Debug|Win32
		{F2494025-E790-40E3-B0FF-380A257A4D7B}.Debug|x86.Build.0 = Debug|Win32
		{F2494025-E790-40E3-B0FF-380A257A4D7B}.Release|x64.ActiveCfg = Release|x64
		{F2494025-E790-40E3-B0FF-380A257A4D7B}.Release|x64.Build.0 = Release|x64
		{F2494025-E790-40E3-B0FF-380A257A4D7B}.Release|x86.ActiveCfg = Release|Win32
		{F2494025-E790-40E3-B0FF-380A257A4D7B}.Release|x86.Build.0 = Release|Win32
	EndGlobalSection
	GlobalSection(SolutionProperties) = preSolution
		HideSolutionNode = FALSE
	EndGlobalSection
	GlobalSection(ExtensibilityGlobals) = postSolution
		SolutionGuid = {46CCF052-2ECB-4F0D-8B24-7C1E718ED34E}
	EndGlobalSection
EndGlobal
